<Solution>
  <Folder Name="/api/">
    <Project Path="api/FosterCentralCommand.Api/FosterCentralCommand.Api.csproj" />
  </Folder>
  <Folder Name="/aspire/">
    <Project Path="aspire/AppHost/AppHost.csproj" />
    <Project Path="aspire/ServiceDefaults/ServiceDefaults.csproj" />
  </Folder>
</Solution>
